
Microsoft Visual Studio Solution File, Format Version 12.00
# Visual Studio Version 16
VisualStudioVersion = 16.0.30517.126
MinimumVisualStudioVersion = 10.0.40219.1
Project("{9092AA53-FB77-4645-B42D-1CCCA6BD08BD}") = "portfolio-generator", "portfolio-generator\portfolio-generator.njsproj", "{5659831B-CD03-4B1F-BA12-3F1F9631A1C1}"
EndProject
Global
	GlobalSection(SolutionConfigurationPlatforms) = preSolution
		Debug|Any CPU = Debug|Any CPU
		Release|Any CPU = Release|Any CPU
	EndGlobalSection
	GlobalSection(ProjectConfigurationPlatforms) = postSolution
		{5659831B-CD03-4B1F-BA12-3F1F9631A1C1}.Debug|Any CPU.ActiveCfg = Debug|Any CPU
		{5659831B-CD03-4B1F-BA12-3F1F9631A1C1}.Debug|Any CPU.Build.0 = Debug|Any CPU
		{5659831B-CD03-4B1F-BA12-3F1F9631A1C1}.Release|Any CPU.ActiveCfg = Release|Any CPU
		{5659831B-CD03-4B1F-BA12-3F1F9631A1C1}.Release|Any CPU.Build.0 = Release|Any CPU
	EndGlobalSection
	GlobalSection(SolutionProperties) = preSolution
		HideSolutionNode = FALSE
	EndGlobalSection
	GlobalSection(ExtensibilityGlobals) = postSolution
		SolutionGuid = {CED2D020-0BBA-458B-A305-EB3B48580AD5}
	EndGlobalSection
EndGlobal
